
Microsoft Visual Studio Solution File, Format Version 12.00
# Visual Studio Express 14 for Windows Desktop
VisualStudioVersion = 14.0.25420.1
MinimumVisualStudioVersion = 10.0.40219.1
Project("{FAE04EC0-301F-11D3-BF4B-00C04F79EFBC}") = "dds2st", "dds2st\dds2st.csproj", "{29D13E25-E1AA-43C8-AA95-FEA76CF8FA9C}"
EndProject
Project("{FAE04EC0-301F-11D3-BF4B-00C04F79EFBC}") = "st2dds", "st2dds\st2dds.csproj", "{A2AA96F6-B71B-4607-AD59-C5DD68879259}"
EndProject
Project("{FAE04EC0-301F-11D3-BF4B-00C04F79EFBC}") = "stinfo", "stinfo\stinfo.csproj", "{35583CAB-43A6-4B1A-8C33-0BABD33A20C2}"
EndProject
Global
	GlobalSection(SolutionConfigurationPlatforms) = preSolution
		Debug|Any CPU = Debug|Any CPU
		Release|Any CPU = Release|Any CPU
	EndGlobalSection
	GlobalSection(ProjectConfigurationPlatforms) = postSolution
		{29D13E25-E1AA-43C8-AA95-FEA76CF8FA9C}.Debug|Any CPU.ActiveCfg = Debug|Any CPU
		{29D13E25-E1AA-43C8-AA95-FEA76CF8FA9C}.Debug|Any CPU.Build.0 = Debug|Any CPU
		{29D13E25-E1AA-43C8-AA95-FEA76CF8FA9C}.Release|Any CPU.ActiveCfg = Release|Any CPU
		{29D13E25-E1AA-43C8-AA95-FEA76CF8FA9C}.Release|Any CPU.Build.0 = Release|Any CPU
		{A2AA96F6-B71B-4607-AD59-C5DD68879259}.Debug|Any CPU.ActiveCfg = Debug|Any CPU
		{A2AA96F6-B71B-4607-AD59-C5DD68879259}.Debug|Any CPU.Build.0 = Debug|Any CPU
		{A2AA96F6-B71B-4607-AD59-C5DD68879259}.Release|Any CPU.ActiveCfg = Release|Any CPU
		{A2AA96F6-B71B-4607-AD59-C5DD68879259}.Release|Any CPU.Build.0 = Release|Any CPU
		{35583CAB-43A6-4B1A-8C33-0BABD33A20C2}.Debug|Any CPU.ActiveCfg = Debug|Any CPU
		{35583CAB-43A6-4B1A-8C33-0BABD33A20C2}.Debug|Any CPU.Build.0 = Debug|Any CPU
		{35583CAB-43A6-4B1A-8C33-0BABD33A20C2}.Release|Any CPU.ActiveCfg = Release|Any CPU
		{35583CAB-43A6-4B1A-8C33-0BABD33A20C2}.Release|Any CPU.Build.0 = Release|Any CPU
	EndGlobalSection
	GlobalSection(SolutionProperties) = preSolution
		HideSolutionNode = FALSE
	EndGlobalSection
EndGlobal
